
Microsoft Visual Studio Solution File, Format Version 12.00
# Visual Studio Version 16
VisualStudioVersion = 16.0.33801.447
MinimumVisualStudioVersion = 10.0.40219.1
Project("{FAE04EC0-301F-11D3-BF4B-00C04F79EFBC}") = "QrCodeImageProj", "QrCodeImageProj\QrCodeImageProj.csproj", "{75A57531-B36F-4FB5-90AB-BA6C54D074DB}"
EndProject
Global
	GlobalSection(SolutionConfigurationPlatforms) = preSolution
		Debug|Any CPU = Debug|Any CPU
		Release|Any CPU = Release|Any CPU
	EndGlobalSection
	GlobalSection(ProjectConfigurationPlatforms) = postSolution
		{75A57531-B36F-4FB5-90AB-BA6C54D074DB}.Debug|Any CPU.ActiveCfg = Debug|Any CPU
		{75A57531-B36F-4FB5-90AB-BA6C54D074DB}.Debug|Any CPU.Build.0 = Debug|Any CPU
		{75A57531-B36F-4FB5-90AB-BA6C54D074DB}.Release|Any CPU.ActiveCfg = Release|Any CPU
		{75A57531-B36F-4FB5-90AB-BA6C54D074DB}.Release|Any CPU.Build.0 = Release|Any CPU
	EndGlobalSection
	GlobalSection(SolutionProperties) = preSolution
		HideSolutionNode = FALSE
	EndGlobalSection
	GlobalSection(ExtensibilityGlobals) = postSolution
		SolutionGuid = {2B8EB5BF-AC31-4B58-9B2B-887ECC3B2590}
	EndGlobalSection
EndGlobal
